
Microsoft Visual Studio Solution File, Format Version 12.00
# Visual Studio Version 16
VisualStudioVersion = 16.0.30907.101
MinimumVisualStudioVersion = 10.0.40219.1
Project("{9A19103F-16F7-4668-BE54-9A1E7A4F7556}") = "Classintro", "Classintro\Classintro.csproj", "{F5B7334E-BF49-44E2-881F-94D9E56081D1}"
EndProject
Project("{9A19103F-16F7-4668-BE54-9A1E7A4F7556}") = "Odev", "Odev\Odev.csproj", "{7B58A8CC-7A05-4924-9BE8-87AA6875C0E3}"
EndProject
Project("{FAE04EC0-301F-11D3-BF4B-00C04F79EFBC}") = "metotlar", "metotlar\metotlar.csproj", "{CF54F4B6-73F2-4C8B-AE5C-FE1975AC6E9E}"
EndProject
Project("{FAE04EC0-301F-11D3-BF4B-00C04F79EFBC}") = "Matematik", "Matematik\Matematik.csproj", "{65872953-143C-4EEE-8315-0BAC6AFC6DD5}"
EndProject
Project("{FAE04EC0-301F-11D3-BF4B-00C04F79EFBC}") = "DegerVeReferansTipler", "DegerVeReferansTipler\DegerVeReferansTipler.csproj", "{0E299CAF-AB91-49A9-B041-7786AE3C3720}"
EndProject
Global
	GlobalSection(SolutionConfigurationPlatforms) = preSolution
		Debug|Any CPU = Debug|Any CPU
		Release|Any CPU = Release|Any CPU
	EndGlobalSection
	GlobalSection(ProjectConfigurationPlatforms) = postSolution
		{F5B7334E-BF49-44E2-881F-94D9E56081D1}.Debug|Any CPU.ActiveCfg = Debug|Any CPU
		{F5B7334E-BF49-44E2-881F-94D9E56081D1}.Debug|Any CPU.Build.0 = Debug|Any CPU
		{F5B7334E-BF49-44E2-881F-94D9E56081D1}.Release|Any CPU.ActiveCfg = Release|Any CPU
		{F5B7334E-BF49-44E2-881F-94D9E56081D1}.Release|Any CPU.Build.0 = Release|Any CPU
		{7B58A8CC-7A05-4924-9BE8-87AA6875C0E3}.Debug|Any CPU.ActiveCfg = Debug|Any CPU
		{7B58A8CC-7A05-4924-9BE8-87AA6875C0E3}.Debug|Any CPU.Build.0 = Debug|Any CPU
		{7B58A8CC-7A05-4924-9BE8-87AA6875C0E3}.Release|Any CPU.ActiveCfg = Release|Any CPU
		{7B58A8CC-7A05-4924-9BE8-87AA6875C0E3}.Release|Any CPU.Build.0 = Release|Any CPU
		{CF54F4B6-73F2-4C8B-AE5C-FE1975AC6E9E}.Debug|Any CPU.ActiveCfg = Debug|Any CPU
		{CF54F4B6-73F2-4C8B-AE5C-FE1975AC6E9E}.Debug|Any CPU.Build.0 = Debug|Any CPU
		{CF54F4B6-73F2-4C8B-AE5C-FE1975AC6E9E}.Release|Any CPU.ActiveCfg = Release|Any CPU
		{CF54F4B6-73F2-4C8B-AE5C-FE1975AC6E9E}.Release|Any CPU.Build.0 = Release|Any CPU
		{65872953-143C-4EEE-8315-0BAC6AFC6DD5}.Debug|Any CPU.ActiveCfg = Debug|Any CPU
		{65872953-143C-4EEE-8315-0BAC6AFC6DD5}.Debug|Any CPU.Build.0 = Debug|Any CPU
		{65872953-143C-4EEE-8315-0BAC6AFC6DD5}.Release|Any CPU.ActiveCfg = Release|Any CPU
		{65872953-143C-4EEE-8315-0BAC6AFC6DD5}.Release|Any CPU.Build.0 = Release|Any CPU
		{0E299CAF-AB91-49A9-B041-7786AE3C3720}.Debug|Any CPU.ActiveCfg = Debug|Any CPU
		{0E299CAF-AB91-49A9-B041-7786AE3C3720}.Debug|Any CPU.Build.0 = Debug|Any CPU
		{0E299CAF-AB91-49A9-B041-7786AE3C3720}.Release|Any CPU.ActiveCfg = Release|Any CPU
		{0E299CAF-AB91-49A9-B041-7786AE3C3720}.Release|Any CPU.Build.0 = Release|Any CPU
	EndGlobalSection
	GlobalSection(SolutionProperties) = preSolution
		HideSolutionNode = FALSE
	EndGlobalSection
	GlobalSection(ExtensibilityGlobals) = postSolution
		SolutionGuid = {5267AC8B-0E3F-4C2C-A6F9-D1B5E9884E1F}
	EndGlobalSection
EndGlobal
